{
  "name": "thinkquest-history",
  "version": "1.0.0",
  "lockfileVersion": 1,
  "requires": true,
  "dependencies": {
    "@types/geojson": {
      "version": "7946.0.7",
      "resolved": "https://registry.npmjs.org/@types/geojson/-/geojson-7946.0.7.tgz",
      "integrity": "sha512-wE2v81i4C4Ol09RtsWFAqg3BUitWbHSpSlIo+bNdsCJijO9sjme+zm+73ZMCa/qMC8UEERxzGbvmr1cffo2SiQ==",
      "dev": true
    },
    "@types/topojson-client": {
      "version": "3.0.0",
      "resolved": "https://registry.npmjs.org/@types/topojson-client/-/topojson-client-3.0.0.tgz",
      "integrity": "sha512-HZH6E8XMhjkDEkkpe3HuIg95COuvjdnyy0EKrh8rAi1f6o/V6P3ly1kGyU2E8bpAffXDd2r+Rk5ceMX4XkqHnA==",
      "dev": true,
      "requires": {
        "@types/geojson": "*",
        "@types/topojson-specification": "*"
      }
    },
    "@types/topojson-specification": {
      "version": "1.0.1",
      "resolved": "https://registry.npmjs.org/@types/topojson-specification/-/topojson-specification-1.0.1.tgz",
      "integrity": "sha512-ZZYZUgkmUls9Uhxx2WZNt9f/h2+H3abUUjOVmq+AaaDFckC5oAwd+MDp95kBirk+XCXrYj0hfpI6DSUiJMrpYQ==",
      "dev": true,
      "requires": {
        "@types/geojson": "*"
      }
    },
    "commander": {
      "version": "2.19.0",
      "resolved": "https://registry.npmjs.org/commander/-/commander-2.19.0.tgz",
      "integrity": "sha512-6tvAOO+D6OENvRAh524Dh9jcfKTYDQAqvqezbCW82xj5X0pSrcpxtvRKHLG0yBY6SD7PSDrJaj+0AiOcKVd1Xg=="
    },
    "geojson-precision": {
      "version": "1.0.0",
      "resolved": "https://registry.npmjs.org/geojson-precision/-/geojson-precision-1.0.0.tgz",
      "integrity": "sha512-lXK9eCxhZQnZSMtz+xcy16H6In9oGbtYg0A92elUX13QtdrIsngrU2w9ZjkKB2GY1TDIJJ22elzcgRAEmyFoXQ==",
      "dev": true,
      "requires": {
        "commander": "2.19.0"
      }
    },
    "martinez-polygon-clipping": {
      "version": "0.7.0",
      "resolved": "https://registry.npmjs.org/martinez-polygon-clipping/-/martinez-polygon-clipping-0.7.0.tgz",
      "integrity": "sha512-EBxKjlUqrVjzT1HRwJARaSwj66JZqEUl+JnqnrzHZLU4hd4XrCQWqShZx40264NR/pm5wIHRlNEaIrev44wvKA==",
      "dev": true,
      "requires": {
        "robust-predicates": "^2.0.4",
        "splaytree": "^0.1.4",
        "tinyqueue": "^1.2.0"
      }
    },
    "robust-predicates": {
      "version": "2.0.4",
      "resolved": "https://registry.npmjs.org/robust-predicates/-/robust-predicates-2.0.4.tgz",
      "integrity": "sha512-l4NwboJM74Ilm4VKfbAtFeGq7aEjWL+5kVFcmgFA2MrdnQWx9iE/tUGvxY5HyMI7o/WpSIUFLbC5fbeaHgSCYg==",
      "dev": true
    },
    "splaytree": {
      "version": "0.1.4",
      "resolved": "https://registry.npmjs.org/splaytree/-/splaytree-0.1.4.tgz",
      "integrity": "sha512-D50hKrjZgBzqD3FT2Ek53f2dcDLAQT8SSGrzj3vidNH5ISRgceeGVJ2dQIthKOuayqFXfFjXheHNo4bbt9LhRQ==",
      "dev": true
    },
    "tinyqueue": {
      "version": "1.2.3",
      "resolved": "https://registry.npmjs.org/tinyqueue/-/tinyqueue-1.2.3.tgz",
      "integrity": "sha512-Qz9RgWuO9l8lT+Y9xvbzhPT2efIUIFd69N7eF7tJ9lnQl0iLj1M7peK7IoUGZL9DJHw9XftqLreccfxcQgYLxA==",
      "dev": true
    },
    "topojson-client": {
      "version": "3.1.0",
      "resolved": "https://registry.npmjs.org/topojson-client/-/topojson-client-3.1.0.tgz",
      "integrity": "sha512-605uxS6bcYxGXw9qi62XyrV6Q3xwbndjachmNxu8HWTtVPxZfEJN9fd/SZS1Q54Sn2y0TMyMxFj/cJINqGHrKw==",
      "requires": {
        "commander": "2"
      }
    },
    "typescript": {
      "version": "3.8.3",
      "resolved": "https://registry.npmjs.org/typescript/-/typescript-3.8.3.tgz",
      "integrity": "sha512-MYlEfn5VrLNsgudQTVJeNaQFUAI7DkhnOjdpAp4T+ku1TfQClewlbSuTVHiA+8skNBgaf02TL/kLOvig4y3G8w==",
      "dev": true
    }
  }
}
